// !$*UTF8*$!
{
	archiveVersion = 1;
	classes = {
	};
	objectVersion = 48;
	objects = {

/* Begin PBXBuildFile section */
		266F082A240373EC00C2E2AF /* AESViewController.swift in Sources */ = {isa = PBXBuildFile; fileRef = 266F0829240373EC00C2E2AF /* AESViewController.swift */; };
		268E4E7223FDA418000A50EA /* RSAViewController.swift in Sources */ = {isa = PBXBuildFile; fileRef = 268E4E7123FDA418000A50EA /* RSAViewController.swift */; };
		268E4E7423FDA47E000A50EA /* EncryptViewController.swift in Sources */ = {isa = PBXBuildFile; fileRef = 268E4E7323FDA47E000A50EA /* EncryptViewController.swift */; };
		268E4E7623FDA4F7000A50EA /* RSA.swift in Sources */ = {isa = PBXBuildFile; fileRef = 268E4E7523FDA4F7000A50EA /* RSA.swift */; };
		7B5E92EA1FDB00930015E17A /* AppDelegate.swift in Sources */ = {isa = PBXBuildFile; fileRef = 7B5E92E91FDB00930015E17A /* AppDelegate.swift */; };
		7B5E92EC1FDB00930015E17A /* ViewController.swift in Sources */ = {isa = PBXBuildFile; fileRef = 7B5E92EB1FDB00930015E17A /* ViewController.swift */; };
		7B5E92EF1FDB00930015E17A /* Main.storyboard in Resources */ = {isa = PBXBuildFile; fileRef = 7B5E92ED1FDB00930015E17A /* Main.storyboard */; };
		7B5E92F11FDB00930015E17A /* Assets.xcassets in Resources */ = {isa = PBXBuildFile; fileRef = 7B5E92F01FDB00930015E17A /* Assets.xcassets */; };
		7B5E92F41FDB00930015E17A /* LaunchScreen.storyboard in Resources */ = {isa = PBXBuildFile; fileRef = 7B5E92F21FDB00930015E17A /* LaunchScreen.storyboard */; };
/* End PBXBuildFile section */

/* Begin PBXFileReference section */
		266F0829240373EC00C2E2AF /* AESViewController.swift */ = {isa = PBXFileReference; lastKnownFileType = sourcecode.swift; path = AESViewController.swift; sourceTree = "<group>"; };
		268E4E7123FDA418000A50EA /* RSAViewController.swift */ = {isa = PBXFileReference; lastKnownFileType = sourcecode.swift; path = RSAViewController.swift; sourceTree = "<group>"; };
		268E4E7323FDA47E000A50EA /* EncryptViewController.swift */ = {isa = PBXFileReference; lastKnownFileType = sourcecode.swift; path = EncryptViewController.swift; sourceTree = "<group>"; };
		268E4E7523FDA4F7000A50EA /* RSA.swift */ = {isa = PBXFileReference; lastKnownFileType = sourcecode.swift; path = RSA.swift; sourceTree = "<group>"; };
		7B5E92E61FDB00930015E17A /* Dicee.app */ = {isa = PBXFileReference; explicitFileType = wrapper.application; includeInIndex = 0; path = Dicee.app; sourceTree = BUILT_PRODUCTS_DIR; };
		7B5E92E91FDB00930015E17A /* AppDelegate.swift */ = {isa = PBXFileReference; lastKnownFileType = sourcecode.swift; path = AppDelegate.swift; sourceTree = "<group>"; };
		7B5E92EB1FDB00930015E17A /* ViewController.swift */ = {isa = PBXFileReference; lastKnownFileType = sourcecode.swift; path = ViewController.swift; sourceTree = "<group>"; };
		7B5E92EE1FDB00930015E17A /* Base */ = {isa = PBXFileReference; lastKnownFileType = file.storyboard; name = Base; path = Base.lproj/Main.storyboard; sourceTree = "<group>"; };
		7B5E92F01FDB00930015E17A /* Assets.xcassets */ = {isa = PBXFileReference; lastKnownFileType = folder.assetcatalog; path = Assets.xcassets; sourceTree = "<group>"; };
		7B5E92F31FDB00930015E17A /* Base */ = {isa = PBXFileReference; lastKnownFileType = file.storyboard; name = Base; path = Base.lproj/LaunchScreen.storyboard; sourceTree = "<group>"; };
		7B5E92F51FDB00930015E17A /* Info.plist */ = {isa = PBXFileReference; lastKnownFileType = text.plist.xml; path = Info.plist; sourceTree = "<group>"; };
/* End PBXFileReference section */

/* Begin PBXFrameworksBuildPhase section */
		7B5E92E31FDB00930015E17A /* Frameworks */ = {
			isa = PBXFrameworksBuildPhase;
			buildActionMask = 2147483647;
			files = (
			);
			runOnlyForDeploymentPostprocessing = 0;
		};
/* End PBXFrameworksBuildPhase section */

/* Begin PBXGroup section */
		7B5E92DD1FDB00930015E17A = {
			isa = PBXGroup;
			children = (
				7B5E92E81FDB00930015E17A /* Dicee */,
				7B5E92E71FDB00930015E17A /* Products */,
			);
			sourceTree = "<group>";
		};
		7B5E92E71FDB00930015E17A /* Products */ = {
			isa = PBXGroup;
			children = (
				7B5E92E61FDB00930015E17A /* Dicee.app */,
			);
			name = Products;
			sourceTree = "<group>";
		};
		7B5E92E81FDB00930015E17A /* Dicee */ = {
			isa = PBXGroup;
			children = (
				7B5E92E91FDB00930015E17A /* AppDelegate.swift */,
				7B5E92EB1FDB00930015E17A /* ViewController.swift */,
				7B5E92ED1FDB00930015E17A /* Main.storyboard */,
				266F0829240373EC00C2E2AF /* AESViewController.swift */,
				268E4E7523FDA4F7000A50EA /* RSA.swift */,
				268E4E7323FDA47E000A50EA /* EncryptViewController.swift */,
				268E4E7123FDA418000A50EA /* RSAViewController.swift */,
				7B5E92F01FDB00930015E17A /* Assets.xcassets */,
				7B5E92F21FDB00930015E17A /* LaunchScreen.storyboard */,
				7B5E92F51FDB00930015E17A /* Info.plist */,
			);
			path = Dicee;
			sourceTree = "<group>";
		};
/* End PBXGroup section */

/* Begin PBXNativeTarget section */
		7B5E92E51FDB00930015E17A /* Dicee */ = {
			isa = PBXNativeTarget;
			buildConfigurationList = 7B5E92F81FDB00940015E17A /* Build configuration list for PBXNativeTarget "Dicee" */;
			buildPhases = (
				7B5E92E21FDB00930015E17A /* Sources */,
				7B5E92E31FDB00930015E17A /* Frameworks */,
				7B5E92E41FDB00930015E17A /* Resources */,
			);
			buildRules = (
			);
			dependencies = (
			);
			name = Dicee;
			productName = Dicee;
			productReference = 7B5E92E61FDB00930015E17A /* Dicee.app */;
			productType = "com.apple.product-type.application";
		};
/* End PBXNativeTarget section */

/* Begin PBXProject section */
		7B5E92DE1FDB00930015E17A /* Project object */ = {
			isa = PBXProject;
			attributes = {
				LastSwiftUpdateCheck = 0920;
				LastUpgradeCheck = 0920;
				ORGANIZATIONNAME = Pranoy;
				TargetAttributes = {
					7B5E92E51FDB00930015E17A = {
						CreatedOnToolsVersion = 9.2;
						ProvisioningStyle = Automatic;
					};
				};
			};
			buildConfigurationList = 7B5E92E11FDB00930015E17A /* Build configuration list for PBXProject "Dicee" */;
			compatibilityVersion = "Xcode 8.0";
			developmentRegion = en;
			hasScannedForEncodings = 0;
			knownRegions = (
				en,
				Base,
			);
			mainGroup = 7B5E92DD1FDB00930015E17A;
			productRefGroup = 7B5E92E71FDB00930015E17A /* Products */;
			projectDirPath = "";
			projectRoot = "";
			targets = (
				7B5E92E51FDB00930015E17A /* Dicee */,
			);
		};
/* End PBXProject section */

/* Begin PBXResourcesBuildPhase section */
		7B5E92E41FDB00930015E17A /* Resources */ = {
			isa = PBXResourcesBuildPhase;
			buildActionMask = 2147483647;
			files = (
				7B5E92F41FDB00930015E17A /* LaunchScreen.storyboard in Resources */,
				7B5E92F11FDB00930015E17A /* Assets.xcassets in Resources */,
				7B5E92EF1FDB00930015E17A /* Main.storyboard in Resources */,
			);
			runOnlyForDeploymentPostprocessing = 0;
		};
/* End PBXResourcesBuildPhase section */

/* Begin PBXSourcesBuildPhase section */
		7B5E92E21FDB00930015E17A /* Sources */ = {
			isa = PBXSourcesBuildPhase;
			buildActionMask = 2147483647;
			files = (
				7B5E92EC1FDB00930015E17A /* ViewController.swift in Sources */,
				268E4E7623FDA4F7000A50EA /* RSA.swift in Sources */,
				7B5E92EA1FDB00930015E17A /* AppDelegate.swift in Sources */,
				268E4E7223FDA418000A50EA /* RSAViewController.swift in Sources */,
				266F082A240373EC00C2E2AF /* AESViewController.swift in Sources */,
				268E4E7423FDA47E000A50EA /* EncryptViewController.swift in Sources */,
			);
			runOnlyForDeploymentPostprocessing = 0;
		};
/* End PBXSourcesBuildPhase section */

/* Begin PBXVariantGroup section */
		7B5E92ED1FDB00930015E17A /* Main.storyboard */ = {
			isa = PBXVariantGroup;
			children = (
				7B5E92EE1FDB00930015E17A /* Base */,
			);
			name = Main.storyboard;
			sourceTree = "<group>";
		};
		7B5E92F21FDB00930015E17A /* LaunchScreen.storyboard */ = {
			isa = PBXVariantGroup;
			children = (
				7B5E92F31FDB00930015E17A /* Base */,
			);
			name = LaunchScreen.storyboard;
			sourceTree = "<group>";
		};
/* End PBXVariantGroup section */

/* Begin XCBuildConfiguration section */
		7B5E92F61FDB00930015E17A /* Debug */ = {
			isa = XCBuildConfiguration;
			buildSettings = {
				ALWAYS_SEARCH_USER_PATHS = NO;
				CLANG_ANALYZER_NONNULL = YES;
				CLANG_ANALYZER_NUMBER_OBJECT_CONVERSION = YES_AGGRESSIVE;
				CLANG_CXX_LANGUAGE_STANDARD = "gnu++14";
				CLANG_CXX_LIBRARY = "libc++";
				CLANG_ENABLE_MODULES = YES;
				CLANG_ENABLE_OBJC_ARC = YES;
				CLANG_WARN_BLOCK_CAPTURE_AUTORELEASING = YES;
				CLANG_WARN_BOOL_CONVERSION = YES;
				CLANG_WARN_COMMA = YES;
				CLANG_WARN_CONSTANT_CONVERSION = YES;
				CLANG_WARN_DIRECT_OBJC_ISA_USAGE = YES_ERROR;
				CLANG_WARN_DOCUMENTATION_COMMENTS = YES;
				CLANG_WARN_EMPTY_BODY = YES;
				CLANG_WARN_ENUM_CONVERSION = YES;
				CLANG_WARN_INFINITE_RECURSION = YES;
				CLANG_WARN_INT_CONVERSION = YES;
				CLANG_WARN_NON_LITERAL_NULL_CONVERSION = YES;
				CLANG_WARN_OBJC_LITERAL_CONVERSION = YES;
				CLANG_WARN_OBJC_ROOT_CLASS = YES_ERROR;
				CLANG_WARN_RANGE_LOOP_ANALYSIS = YES;
				CLANG_WARN_STRICT_PROTOTYPES = YES;
				CLANG_WARN_SUSPICIOUS_MOVE = YES;
				CLANG_WARN_UNGUARDED_AVAILABILITY = YES_AGGRESSIVE;
				CLANG_WARN_UNREACHABLE_CODE = YES;
				CLANG_WARN__DUPLICATE_METHOD_MATCH = YES;
				CODE_SIGN_IDENTITY = "iPhone Developer";
				COPY_PHASE_STRIP = NO;
				DEBUG_INFORMATION_FORMAT = dwarf;
				ENABLE_STRICT_OBJC_MSGSEND = YES;
				ENABLE_TESTABILITY = YES;
				GCC_C_LANGUAGE_STANDARD = gnu11;
				GCC_DYNAMIC_NO_PIC = NO;
				GCC_NO_COMMON_BLOCKS = YES;
				GCC_OPTIMIZATION_LEVEL = 0;
				GCC_PREPROCESSOR_DEFINITIONS = (
					"DEBUG=1",
					"$(inherited)",
				);
				GCC_WARN_64_TO_32_BIT_CONVERSION = YES;
				GCC_WARN_ABOUT_RETURN_TYPE = YES_ERROR;
				GCC_WARN_UNDECLARED_SELECTOR = YES;
				GCC_WARN_UNINITIALIZED_AUTOS = YES_AGGRESSIVE;
				GCC_WARN_UNUSED_FUNCTION = YES;
				GCC_WARN_UNUSED_VARIABLE = YES;
				IPHONEOS_DEPLOYMENT_TARGET = 11.2;
				MTL_ENABLE_DEBUG_INFO = YES;
				ONLY_ACTIVE_ARCH = YES;
				SDKROOT = iphoneos;
				SWIFT_ACTIVE_COMPILATION_CONDITIONS = DEBUG;
				SWIFT_OPTIMIZATION_LEVEL = "-Onone";
			};
			name = Debug;
		};
		7B5E92F71FDB00930015E17A /* Release */ = {
			isa = XCBuildConfiguration;
			buildSettings = {
				ALWAYS_SEARCH_USER_PATHS = NO;
				CLANG_ANALYZER_NONNULL = YES;
				CLANG_ANALYZER_NUMBER_OBJECT_CONVERSION = YES_AGGRESSIVE;
				CLANG_CXX_LANGUAGE_STANDARD = "gnu++14";
				CLANG_CXX_LIBRARY = "libc++";
				CLANG_ENABLE_MODULES = YES;
				CLANG_ENABLE_OBJC_ARC = YES;
				CLANG_WARN_BLOCK_CAPTURE_AUTORELEASING = YES;
				CLANG_WARN_BOOL_CONVERSION = YES;
				CLANG_WARN_COMMA = YES;
				CLANG_WARN_CONSTANT_CONVERSION = YES;
				CLANG_WARN_DIRECT_OBJC_ISA_USAGE = YES_ERROR;
				CLANG_WARN_DOCUMENTATION_COMMENTS = YES;
				CLANG_WARN_EMPTY_BODY = YES;
				CLANG_WARN_ENUM_CONVERSION = YES;
				CLANG_WARN_INFINITE_RECURSION = YES;
				CLANG_WARN_INT_CONVERSION = YES;
				CLANG_WARN_NON_LITERAL_NULL_CONVERSION = YES;
				CLANG_WARN_OBJC_LITERAL_CONVERSION = YES;
				CLANG_WARN_OBJC_ROOT_CLASS = YES_ERROR;
				CLANG_WARN_RANGE_LOOP_ANALYSIS = YES;
				CLANG_WARN_STRICT_PROTOTYPES = YES;
				CLANG_WARN_SUSPICIOUS_MOVE = YES;
				CLANG_WARN_UNGUARDED_AVAILABILITY = YES_AGGRESSIVE;
				CLANG_WARN_UNREACHABLE_CODE = YES;
				CLANG_WARN__DUPLICATE_METHOD_MATCH = YES;
				CODE_SIGN_IDENTITY = "iPhone Developer";
				COPY_PHASE_STRIP = NO;
				DEBUG_INFORMATION_FORMAT = "dwarf-with-dsym";
				ENABLE_NS_ASSERTIONS = NO;
				ENABLE_STRICT_OBJC_MSGSEND = YES;
				GCC_C_LANGUAGE_STANDARD = gnu11;
				GCC_NO_COMMON_BLOCKS = YES;
				GCC_WARN_64_TO_32_BIT_CONVERSION = YES;
				GCC_WARN_ABOUT_RETURN_TYPE = YES_ERROR;
				GCC_WARN_UNDECLARED_SELECTOR = YES;
				GCC_WARN_UNINITIALIZED_AUTOS = YES_AGGRESSIVE;
				GCC_WARN_UNUSED_FUNCTION = YES;
				GCC_WARN_UNUSED_VARIABLE = YES;
				IPHONEOS_DEPLOYMENT_TARGET = 11.2;
				MTL_ENABLE_DEBUG_INFO = NO;
				SDKROOT = iphoneos;
				SWIFT_OPTIMIZATION_LEVEL = "-Owholemodule";
				VALIDATE_PRODUCT = YES;
			};
			name = Release;
		};
		7B5E92F91FDB00940015E17A /* Debug */ = {
			isa = XCBuildConfiguration;
			buildSettings = {
				ASSETCATALOG_COMPILER_APPICON_NAME = AppIcon;
				CODE_SIGN_STYLE = Automatic;
				DEVELOPMENT_TEAM = P25V5T59K2;
				INFOPLIST_FILE = Dicee/Info.plist;
				LD_RUNPATH_SEARCH_PATHS = "$(inherited) @executable_path/Frameworks";
				PRODUCT_BUNDLE_IDENTIFIER = com.piyushbajaj.Dicee;
				PRODUCT_NAME = "$(TARGET_NAME)";
				SWIFT_VERSION = 4.0;
				TARGETED_DEVICE_FAMILY = 1;
			};
			name = Debug;
		};
		7B5E92FA1FDB00940015E17A /* Release */ = {
			isa = XCBuildConfiguration;
			buildSettings = {
				ASSETCATALOG_COMPILER_APPICON_NAME = AppIcon;
				CODE_SIGN_STYLE = Automatic;
				DEVELOPMENT_TEAM = P25V5T59K2;
				INFOPLIST_FILE = Dicee/Info.plist;
				LD_RUNPATH_SEARCH_PATHS = "$(inherited) @executable_path/Frameworks";
				PRODUCT_BUNDLE_IDENTIFIER = com.piyushbajaj.Dicee;
				PRODUCT_NAME = "$(TARGET_NAME)";
				SWIFT_VERSION = 4.0;
				TARGETED_DEVICE_FAMILY = 1;
			};
			name = Release;
		};
/* End XCBuildConfiguration section */

/* Begin XCConfigurationList section */
		7B5E92E11FDB00930015E17A /* Build configuration list for PBXProject "Dicee" */ = {
			isa = XCConfigurationList;
			buildConfigurations = (
				7B5E92F61FDB00930015E17A /* Debug */,
				7B5E92F71FDB00930015E17A /* Release */,
			);
			defaultConfigurationIsVisible = 0;
			defaultConfigurationName = Release;
		};
		7B5E92F81FDB00940015E17A /* Build configuration list for PBXNativeTarget "Dicee" */ = {
			isa = XCConfigurationList;
			buildConfigurations = (
				7B5E92F91FDB00940015E17A /* Debug */,
				7B5E92FA1FDB00940015E17A /* Release */,
			);
			defaultConfigurationIsVisible = 0;
			defaultConfigurationName = Release;
		};
/* End XCConfigurationList section */
	};
	rootObject = 7B5E92DE1FDB00930015E17A /* Project object */;
}
